
Microsoft Visual Studio Solution File, Format Version 12.00
# Visual Studio Version 16
VisualStudioVersion = 16.0.30717.126
MinimumVisualStudioVersion = 10.0.40219.1
Project("{FAE04EC0-301F-11D3-BF4B-00C04F79EFBC}") = "lab7", "lab7\lab7.csproj", "{31BD620E-0D5D-400A-B7E6-DC174A9F44C3}"
EndProject
Global
	GlobalSection(SolutionConfigurationPlatforms) = preSolution
		Debug|Any CPU = Debug|Any CPU
		Release|Any CPU = Release|Any CPU
	EndGlobalSection
	GlobalSection(ProjectConfigurationPlatforms) = postSolution
		{31BD620E-0D5D-400A-B7E6-DC174A9F44C3}.Debug|Any CPU.ActiveCfg = Debug|Any CPU
		{31BD620E-0D5D-400A-B7E6-DC174A9F44C3}.Debug|Any CPU.Build.0 = Debug|Any CPU
		{31BD620E-0D5D-400A-B7E6-DC174A9F44C3}.Release|Any CPU.ActiveCfg = Release|Any CPU
		{31BD620E-0D5D-400A-B7E6-DC174A9F44C3}.Release|Any CPU.Build.0 = Release|Any CPU
	EndGlobalSection
	GlobalSection(SolutionProperties) = preSolution
		HideSolutionNode = FALSE
	EndGlobalSection
	GlobalSection(ExtensibilityGlobals) = postSolution
		SolutionGuid = {3F8F47A5-2CB8-4524-BFF6-90FBB410A7DC}
	EndGlobalSection
EndGlobal
